github.com/ggoodwin/stocks-go v1.0.3 h1:vAi0BXfDNpRBaYz9aQdJSXVLOEPh1jWL9RmhTtwvL+M=
github.com/ggoodwin/stocks-go v1.0.3/go.mod h1:a70czecGOXWlAJx3dWB6djjtibkxSYwvrx3mKoZ0Y1g=
github.com/oscarli916/yahoo-finance-api v0.1.2 h1:CZca9eT45gi+lg2v2WkOcONf855xLUTat5s4eslN7Eg=
github.com/oscarli916/yahoo-finance-api v0.1.2/go.mod h1:yS2wmO99/rCRQJmmPCDRixeOKvLZYPuJzsYNmqf5mQs=
